
Microsoft Visual Studio Solution File, Format Version 12.00
# Visual Studio Version 16
VisualStudioVersion = 16.0.30621.155
MinimumVisualStudioVersion = 10.0.40219.1
Project("{FAE04EC0-301F-11D3-BF4B-00C04F79EFBC}") = "Dsl", "Dsl\Dsl.csproj", "{48A1351D-3656-4861-8B24-19BD925260E9}"
EndProject
Project("{FAE04EC0-301F-11D3-BF4B-00C04F79EFBC}") = "DslPackage", "DslPackage\DslPackage.csproj", "{788F5F8A-CD93-4BE2-9C2E-E031872AC077}"
EndProject
Global
	GlobalSection(SolutionConfigurationPlatforms) = preSolution
		Debug|Any CPU = Debug|Any CPU
		Release|Any CPU = Release|Any CPU
	EndGlobalSection
	GlobalSection(ProjectConfigurationPlatforms) = postSolution
		{48A1351D-3656-4861-8B24-19BD925260E9}.Debug|Any CPU.ActiveCfg = Debug|Any CPU
		{48A1351D-3656-4861-8B24-19BD925260E9}.Debug|Any CPU.Build.0 = Debug|Any CPU
		{48A1351D-3656-4861-8B24-19BD925260E9}.Release|Any CPU.ActiveCfg = Release|Any CPU
		{48A1351D-3656-4861-8B24-19BD925260E9}.Release|Any CPU.Build.0 = Release|Any CPU
		{788F5F8A-CD93-4BE2-9C2E-E031872AC077}.Debug|Any CPU.ActiveCfg = Debug|Any CPU
		{788F5F8A-CD93-4BE2-9C2E-E031872AC077}.Debug|Any CPU.Build.0 = Debug|Any CPU
		{788F5F8A-CD93-4BE2-9C2E-E031872AC077}.Release|Any CPU.ActiveCfg = Release|Any CPU
		{788F5F8A-CD93-4BE2-9C2E-E031872AC077}.Release|Any CPU.Build.0 = Release|Any CPU
	EndGlobalSection
	GlobalSection(SolutionProperties) = preSolution
		HideSolutionNode = FALSE
	EndGlobalSection
	GlobalSection(ExtensibilityGlobals) = postSolution
		SolutionGuid = {855A3001-0CF3-4289-B487-3C93CAB8DA4C}
	EndGlobalSection
EndGlobal
